
Microsoft Visual Studio Solution File, Format Version 12.00
# Visual Studio Version 17
VisualStudioVersion = 17.5.33516.290
MinimumVisualStudioVersion = 10.0.40219.1
Project("{FAE04EC0-301F-11D3-BF4B-00C04F79EFBC}") = "Radio-Budik", "Radio-Budik.csproj", "{4482E00A-A6F4-4815-AB25-5ABD4831B810}"
EndProject
Global
	GlobalSection(SolutionConfigurationPlatforms) = preSolution
		Debug|Any CPU = Debug|Any CPU
		Release|Any CPU = Release|Any CPU
	EndGlobalSection
	GlobalSection(ProjectConfigurationPlatforms) = postSolution
		{4482E00A-A6F4-4815-AB25-5ABD4831B810}.Debug|Any CPU.ActiveCfg = Debug|Any CPU
		{4482E00A-A6F4-4815-AB25-5ABD4831B810}.Debug|Any CPU.Build.0 = Debug|Any CPU
		{4482E00A-A6F4-4815-AB25-5ABD4831B810}.Debug|Any CPU.Deploy.0 = Debug|Any CPU
		{4482E00A-A6F4-4815-AB25-5ABD4831B810}.Release|Any CPU.ActiveCfg = Release|Any CPU
		{4482E00A-A6F4-4815-AB25-5ABD4831B810}.Release|Any CPU.Build.0 = Release|Any CPU
		{4482E00A-A6F4-4815-AB25-5ABD4831B810}.Release|Any CPU.Deploy.0 = Release|Any CPU
	EndGlobalSection
	GlobalSection(SolutionProperties) = preSolution
		HideSolutionNode = FALSE
	EndGlobalSection
	GlobalSection(ExtensibilityGlobals) = postSolution
		SolutionGuid = {92C19D28-A2A4-4587-AABB-443FD2891A3A}
	EndGlobalSection
EndGlobal
